
Microsoft Visual Studio Solution File, Format Version 12.00
# Visual Studio 15
VisualStudioVersion = 15.0.26228.9
MinimumVisualStudioVersion = 10.0.40219.1
Project("{FAE04EC0-301F-11D3-BF4B-00C04F79EFBC}") = "AionApi", "AionApi\AionApi.csproj", "{EC210B79-71C5-4E49-80F8-5E65551EE298}"
EndProject
Project("{FAE04EC0-301F-11D3-BF4B-00C04F79EFBC}") = "Wiretap", "..\reusable\Wiretap\Wiretap.csproj", "{6A725301-4748-4D19-A28E-CC4EC6118374}"
EndProject
Project("{FAE04EC0-301F-11D3-BF4B-00C04F79EFBC}") = "Wiretap.Modules.Loggers.NLog", "..\reusable\Wiretap.Modules.Loggers.NLog\Wiretap.Modules.Loggers.NLog.csproj", "{78E36AE2-D3B3-4FCA-A0C3-3E722E640864}"
EndProject
Project("{FAE04EC0-301F-11D3-BF4B-00C04F79EFBC}") = "AionApi.Tests", "AionApi.Tests\AionApi.Tests.csproj", "{1D3FCFFE-8A2B-41E4-84DD-7F2A8C9093CC}"
EndProject
Project("{2150E333-8FDC-42A3-9474-1A3956D46DE8}") = "libs", "libs", "{B441E1AB-6170-41B3-AC80-B75F47DA2D84}"
EndProject
Project("{FAE04EC0-301F-11D3-BF4B-00C04F79EFBC}") = "Extensions", "..\reusable\Extensions\Extensions.csproj", "{4B0D685E-C959-4842-86B4-87E6BB9D1262}"
EndProject
Project("{FAE04EC0-301F-11D3-BF4B-00C04F79EFBC}") = "SoftString", "..\reusable\SoftString\SoftString.csproj", "{434F6E93-4CF3-4008-82F2-362ABECC4E69}"
EndProject
Project("{FAE04EC0-301F-11D3-BF4B-00C04F79EFBC}") = "StringInterpolation", "..\reusable\StringInterpolation\StringInterpolation.csproj", "{45CB6BCD-2B6C-46F0-BA26-7D714D31F606}"
EndProject
Project("{FAE04EC0-301F-11D3-BF4B-00C04F79EFBC}") = "Disposable", "..\reusable\Disposable\Disposable.csproj", "{D535DEB6-2B39-4B48-845E-7C7008AF5012}"
EndProject
Project("{FAE04EC0-301F-11D3-BF4B-00C04F79EFBC}") = "AsyncScope", "..\reusable\AsyncScope\AsyncScope.csproj", "{4C088A4D-6138-42A6-B991-57D99783400F}"
EndProject
Project("{FAE04EC0-301F-11D3-BF4B-00C04F79EFBC}") = "SemanticVersion", "..\reusable\SemanticVersion\SemanticVersion.csproj", "{F4036BE2-1B32-40E7-AF90-590C6A95C073}"
EndProject
Project("{FAE04EC0-301F-11D3-BF4B-00C04F79EFBC}") = "AsyncProcess", "..\reusable\AsyncProcess\AsyncProcess.csproj", "{88815697-2DCB-4E1A-B77F-8B19AE687E74}"
EndProject
Project("{FAE04EC0-301F-11D3-BF4B-00C04F79EFBC}") = "Wiretap.AspNetCore", "..\reusable\Wiretap.AspNetCore\Wiretap.AspNetCore.csproj", "{DCAAD3B1-FE8E-4A46-9414-B376609E8672}"
EndProject
Project("{FAE04EC0-301F-11D3-BF4B-00C04F79EFBC}") = "DirectoryTree", "..\reusable\DirectoryTree\DirectoryTree.csproj", "{F553C2BB-0989-45B9-B78B-B47FF0490F2F}"
EndProject
Project("{FAE04EC0-301F-11D3-BF4B-00C04F79EFBC}") = "Digraph", "..\reusable\Digraph\Digraph.csproj", "{BC499272-510F-4F2A-AAF1-6BC9E2A19213}"
EndProject
Project("{FAE04EC0-301F-11D3-BF4B-00C04F79EFBC}") = "DummyApp", "DummyApp\DummyApp.csproj", "{2EB39EC4-F4C4-4E32-BBCB-5561D3D8EF44}"
EndProject
Global
	GlobalSection(SolutionConfigurationPlatforms) = preSolution
		Debug|Any CPU = Debug|Any CPU
		Release|Any CPU = Release|Any CPU
	EndGlobalSection
	GlobalSection(ProjectConfigurationPlatforms) = postSolution
		{EC210B79-71C5-4E49-80F8-5E65551EE298}.Debug|Any CPU.ActiveCfg = Debug|Any CPU
		{EC210B79-71C5-4E49-80F8-5E65551EE298}.Debug|Any CPU.Build.0 = Debug|Any CPU
		{EC210B79-71C5-4E49-80F8-5E65551EE298}.Release|Any CPU.ActiveCfg = Release|Any CPU
		{EC210B79-71C5-4E49-80F8-5E65551EE298}.Release|Any CPU.Build.0 = Release|Any CPU
		{6A725301-4748-4D19-A28E-CC4EC6118374}.Debug|Any CPU.ActiveCfg = Debug|Any CPU
		{6A725301-4748-4D19-A28E-CC4EC6118374}.Debug|Any CPU.Build.0 = Debug|Any CPU
		{6A725301-4748-4D19-A28E-CC4EC6118374}.Release|Any CPU.ActiveCfg = Release|Any CPU
		{6A725301-4748-4D19-A28E-CC4EC6118374}.Release|Any CPU.Build.0 = Release|Any CPU
		{78E36AE2-D3B3-4FCA-A0C3-3E722E640864}.Debug|Any CPU.ActiveCfg = Debug|Any CPU
		{78E36AE2-D3B3-4FCA-A0C3-3E722E640864}.Debug|Any CPU.Build.0 = Debug|Any CPU
		{78E36AE2-D3B3-4FCA-A0C3-3E722E640864}.Release|Any CPU.ActiveCfg = Release|Any CPU
		{78E36AE2-D3B3-4FCA-A0C3-3E722E640864}.Release|Any CPU.Build.0 = Release|Any CPU
		{1D3FCFFE-8A2B-41E4-84DD-7F2A8C9093CC}.Debug|Any CPU.ActiveCfg = Debug|Any CPU
		{1D3FCFFE-8A2B-41E4-84DD-7F2A8C9093CC}.Release|Any CPU.ActiveCfg = Release|Any CPU
		{1D3FCFFE-8A2B-41E4-84DD-7F2A8C9093CC}.Release|Any CPU.Build.0 = Release|Any CPU
		{4B0D685E-C959-4842-86B4-87E6BB9D1262}.Debug|Any CPU.ActiveCfg = Debug|Any CPU
		{4B0D685E-C959-4842-86B4-87E6BB9D1262}.Debug|Any CPU.Build.0 = Debug|Any CPU
		{4B0D685E-C959-4842-86B4-87E6BB9D1262}.Release|Any CPU.ActiveCfg = Release|Any CPU
		{4B0D685E-C959-4842-86B4-87E6BB9D1262}.Release|Any CPU.Build.0 = Release|Any CPU
		{434F6E93-4CF3-4008-82F2-362ABECC4E69}.Debug|Any CPU.ActiveCfg = Debug|Any CPU
		{434F6E93-4CF3-4008-82F2-362ABECC4E69}.Debug|Any CPU.Build.0 = Debug|Any CPU
		{434F6E93-4CF3-4008-82F2-362ABECC4E69}.Release|Any CPU.ActiveCfg = Release|Any CPU
		{434F6E93-4CF3-4008-82F2-362ABECC4E69}.Release|Any CPU.Build.0 = Release|Any CPU
		{45CB6BCD-2B6C-46F0-BA26-7D714D31F606}.Debug|Any CPU.ActiveCfg = Debug|Any CPU
		{45CB6BCD-2B6C-46F0-BA26-7D714D31F606}.Debug|Any CPU.Build.0 = Debug|Any CPU
		{45CB6BCD-2B6C-46F0-BA26-7D714D31F606}.Release|Any CPU.ActiveCfg = Release|Any CPU
		{45CB6BCD-2B6C-46F0-BA26-7D714D31F606}.Release|Any CPU.Build.0 = Release|Any CPU
		{D535DEB6-2B39-4B48-845E-7C7008AF5012}.Debug|Any CPU.ActiveCfg = Debug|Any CPU
		{D535DEB6-2B39-4B48-845E-7C7008AF5012}.Debug|Any CPU.Build.0 = Debug|Any CPU
		{D535DEB6-2B39-4B48-845E-7C7008AF5012}.Release|Any CPU.ActiveCfg = Release|Any CPU
		{D535DEB6-2B39-4B48-845E-7C7008AF5012}.Release|Any CPU.Build.0 = Release|Any CPU
		{4C088A4D-6138-42A6-B991-57D99783400F}.Debug|Any CPU.ActiveCfg = Debug|Any CPU
		{4C088A4D-6138-42A6-B991-57D99783400F}.Debug|Any CPU.Build.0 = Debug|Any CPU
		{4C088A4D-6138-42A6-B991-57D99783400F}.Release|Any CPU.ActiveCfg = Release|Any CPU
		{4C088A4D-6138-42A6-B991-57D99783400F}.Release|Any CPU.Build.0 = Release|Any CPU
		{F4036BE2-1B32-40E7-AF90-590C6A95C073}.Debug|Any CPU.ActiveCfg = Debug|Any CPU
		{F4036BE2-1B32-40E7-AF90-590C6A95C073}.Debug|Any CPU.Build.0 = Debug|Any CPU
		{F4036BE2-1B32-40E7-AF90-590C6A95C073}.Release|Any CPU.ActiveCfg = Release|Any CPU
		{F4036BE2-1B32-40E7-AF90-590C6A95C073}.Release|Any CPU.Build.0 = Release|Any CPU
		{88815697-2DCB-4E1A-B77F-8B19AE687E74}.Debug|Any CPU.ActiveCfg = Debug|Any CPU
		{88815697-2DCB-4E1A-B77F-8B19AE687E74}.Debug|Any CPU.Build.0 = Debug|Any CPU
		{88815697-2DCB-4E1A-B77F-8B19AE687E74}.Release|Any CPU.ActiveCfg = Release|Any CPU
		{88815697-2DCB-4E1A-B77F-8B19AE687E74}.Release|Any CPU.Build.0 = Release|Any CPU
		{DCAAD3B1-FE8E-4A46-9414-B376609E8672}.Debug|Any CPU.ActiveCfg = Debug|Any CPU
		{DCAAD3B1-FE8E-4A46-9414-B376609E8672}.Debug|Any CPU.Build.0 = Debug|Any CPU
		{DCAAD3B1-FE8E-4A46-9414-B376609E8672}.Release|Any CPU.ActiveCfg = Release|Any CPU
		{DCAAD3B1-FE8E-4A46-9414-B376609E8672}.Release|Any CPU.Build.0 = Release|Any CPU
		{F553C2BB-0989-45B9-B78B-B47FF0490F2F}.Debug|Any CPU.ActiveCfg = Debug|Any CPU
		{F553C2BB-0989-45B9-B78B-B47FF0490F2F}.Debug|Any CPU.Build.0 = Debug|Any CPU
		{F553C2BB-0989-45B9-B78B-B47FF0490F2F}.Release|Any CPU.ActiveCfg = Release|Any CPU
		{F553C2BB-0989-45B9-B78B-B47FF0490F2F}.Release|Any CPU.Build.0 = Release|Any CPU
		{BC499272-510F-4F2A-AAF1-6BC9E2A19213}.Debug|Any CPU.ActiveCfg = Debug|Any CPU
		{BC499272-510F-4F2A-AAF1-6BC9E2A19213}.Debug|Any CPU.Build.0 = Debug|Any CPU
		{BC499272-510F-4F2A-AAF1-6BC9E2A19213}.Release|Any CPU.ActiveCfg = Release|Any CPU
		{BC499272-510F-4F2A-AAF1-6BC9E2A19213}.Release|Any CPU.Build.0 = Release|Any CPU
		{2EB39EC4-F4C4-4E32-BBCB-5561D3D8EF44}.Debug|Any CPU.ActiveCfg = Debug|Any CPU
		{2EB39EC4-F4C4-4E32-BBCB-5561D3D8EF44}.Debug|Any CPU.Build.0 = Debug|Any CPU
		{2EB39EC4-F4C4-4E32-BBCB-5561D3D8EF44}.Release|Any CPU.ActiveCfg = Release|Any CPU
		{2EB39EC4-F4C4-4E32-BBCB-5561D3D8EF44}.Release|Any CPU.Build.0 = Release|Any CPU
	EndGlobalSection
	GlobalSection(SolutionProperties) = preSolution
		HideSolutionNode = FALSE
	EndGlobalSection
	GlobalSection(NestedProjects) = preSolution
		{4B0D685E-C959-4842-86B4-87E6BB9D1262} = {B441E1AB-6170-41B3-AC80-B75F47DA2D84}
		{434F6E93-4CF3-4008-82F2-362ABECC4E69} = {B441E1AB-6170-41B3-AC80-B75F47DA2D84}
		{45CB6BCD-2B6C-46F0-BA26-7D714D31F606} = {B441E1AB-6170-41B3-AC80-B75F47DA2D84}
		{D535DEB6-2B39-4B48-845E-7C7008AF5012} = {B441E1AB-6170-41B3-AC80-B75F47DA2D84}
		{4C088A4D-6138-42A6-B991-57D99783400F} = {B441E1AB-6170-41B3-AC80-B75F47DA2D84}
		{F4036BE2-1B32-40E7-AF90-590C6A95C073} = {B441E1AB-6170-41B3-AC80-B75F47DA2D84}
		{88815697-2DCB-4E1A-B77F-8B19AE687E74} = {B441E1AB-6170-41B3-AC80-B75F47DA2D84}
		{6A725301-4748-4D19-A28E-CC4EC6118374} = {B441E1AB-6170-41B3-AC80-B75F47DA2D84}
		{78E36AE2-D3B3-4FCA-A0C3-3E722E640864} = {B441E1AB-6170-41B3-AC80-B75F47DA2D84}
		{DCAAD3B1-FE8E-4A46-9414-B376609E8672} = {B441E1AB-6170-41B3-AC80-B75F47DA2D84}
		{F553C2BB-0989-45B9-B78B-B47FF0490F2F} = {B441E1AB-6170-41B3-AC80-B75F47DA2D84}
		{BC499272-510F-4F2A-AAF1-6BC9E2A19213} = {B441E1AB-6170-41B3-AC80-B75F47DA2D84}
	EndGlobalSection
EndGlobal
