
Microsoft Visual Studio Solution File, Format Version 12.00
# Visual Studio Version 17
VisualStudioVersion = 17.0.31903.59
MinimumVisualStudioVersion = 10.0.40219.1
Project("{FAE04EC0-301F-11D3-BF4B-00C04F79EFBC}") = "Aion", "Aion\Aion.csproj", "{293C6A1A-2EC6-4050-AAEA-2E9D002A97AF}"
EndProject
Project("{FAE04EC0-301F-11D3-BF4B-00C04F79EFBC}") = "Aion.Npc", "Aion.Npc\Aion.Npc.csproj", "{6299A687-7EED-460A-B61E-A25D481FDDAE}"
EndProject
Project("{FAE04EC0-301F-11D3-BF4B-00C04F79EFBC}") = "Aion.Tests", "Aion.Tests\Aion.Tests.csproj", "{CA106A05-E2E2-4833-AC0A-DC9F5D185690}"
EndProject
Global
	GlobalSection(SolutionConfigurationPlatforms) = preSolution
		Debug|Any CPU = Debug|Any CPU
		Release|Any CPU = Release|Any CPU
	EndGlobalSection
	GlobalSection(SolutionProperties) = preSolution
		HideSolutionNode = FALSE
	EndGlobalSection
	GlobalSection(ProjectConfigurationPlatforms) = postSolution
		{293C6A1A-2EC6-4050-AAEA-2E9D002A97AF}.Debug|Any CPU.ActiveCfg = Debug|Any CPU
		{293C6A1A-2EC6-4050-AAEA-2E9D002A97AF}.Debug|Any CPU.Build.0 = Debug|Any CPU
		{293C6A1A-2EC6-4050-AAEA-2E9D002A97AF}.Release|Any CPU.ActiveCfg = Release|Any CPU
		{293C6A1A-2EC6-4050-AAEA-2E9D002A97AF}.Release|Any CPU.Build.0 = Release|Any CPU
		{6299A687-7EED-460A-B61E-A25D481FDDAE}.Debug|Any CPU.ActiveCfg = Debug|Any CPU
		{6299A687-7EED-460A-B61E-A25D481FDDAE}.Debug|Any CPU.Build.0 = Debug|Any CPU
		{6299A687-7EED-460A-B61E-A25D481FDDAE}.Release|Any CPU.ActiveCfg = Release|Any CPU
		{6299A687-7EED-460A-B61E-A25D481FDDAE}.Release|Any CPU.Build.0 = Release|Any CPU
		{CA106A05-E2E2-4833-AC0A-DC9F5D185690}.Debug|Any CPU.ActiveCfg = Debug|Any CPU
		{CA106A05-E2E2-4833-AC0A-DC9F5D185690}.Release|Any CPU.ActiveCfg = Release|Any CPU
		{CA106A05-E2E2-4833-AC0A-DC9F5D185690}.Release|Any CPU.Build.0 = Release|Any CPU
	EndGlobalSection
EndGlobal
